{
  "name": "sentry-rescript",
  "version": "0.0.1",
  "lockfileVersion": 3,
  "requires": true,
  "packages": {
    "": {
      "workspaces": [
        "packages/React",
        "packages/Browser",
        "packages/Types"
      ]
    },
    "examples": {
      "name": "rescript-sentry-examples",
      "version": "0.0.1",
      "extraneous": true,
      "dependencies": {
        "@rescript/react": "^0.12.0",
        "parcel": "^2.9.2",
        "react": "^18.0.0",
        "react-dom": "^18.0.0"
      },
      "devDependencies": {
        "rescript": "^10.1.4"
      }
    },
    "node_modules/@rescript-sentry/react": {
      "resolved": "packages/React",
      "link": true
    },
    "node_modules/@rescript-sentry/types": {
      "resolved": "packages/Types",
      "link": true
    },
    "node_modules/@rescript/react": {
      "version": "0.11.0",
      "resolved": "https://registry.npmjs.org/@rescript/react/-/react-0.11.0.tgz",
      "integrity": "sha512-RzoAO+3cJwXE2D7yodMo4tBO2EkeDYCN/I/Sj/yRweI3S1CY1ZBOF/GMcVtjeIurJJt7KMveqQXTaRrqoGZBBg==",
      "peer": true,
      "peerDependencies": {
        "react": ">=18.0.0",
        "react-dom": ">=18.0.0"
      }
    },
    "node_modules/@sentry-internal/feedback": {
      "version": "7.92.0",
      "resolved": "https://registry.npmjs.org/@sentry-internal/feedback/-/feedback-7.92.0.tgz",
      "integrity": "sha512-/jEALRtVqboxB9kcK2tag8QCO6XANTlGBb9RV3oeGXJe0DDNJXRq6wVZbfgztXJRrfgx4XVDcNt1pRVoGGG++g==",
      "peer": true,
      "dependencies": {
        "@sentry/core": "7.92.0",
        "@sentry/types": "7.92.0",
        "@sentry/utils": "7.92.0"
      },
      "engines": {
        "node": ">=12"
      }
    },
    "node_modules/@sentry-internal/tracing": {
      "version": "7.92.0",
      "resolved": "https://registry.npmjs.org/@sentry-internal/tracing/-/tracing-7.92.0.tgz",
      "integrity": "sha512-ur55vPcUUUWFUX4eVLNP71ohswK7ZZpleNZw9Y1GfLqyI+0ILQUwjtzqItJrdClvVsdRZJMRmDV40Hp9Lbb9mA==",
      "peer": true,
      "dependencies": {
        "@sentry/core": "7.92.0",
        "@sentry/types": "7.92.0",
        "@sentry/utils": "7.92.0"
      },
      "engines": {
        "node": ">=8"
      }
    },
    "node_modules/@sentry/browser": {
      "version": "7.92.0",
      "resolved": "https://registry.npmjs.org/@sentry/browser/-/browser-7.92.0.tgz",
      "integrity": "sha512-loMr02/zQ38u8aQhYLtIBg0i5n3ps2e3GUXrt3CdsJQdkRYfa62gcrE7SzvoEpMVHTk7VOI4fWGht8cWw/1k3A==",
      "peer": true,
      "dependencies": {
        "@sentry-internal/feedback": "7.92.0",
        "@sentry-internal/tracing": "7.92.0",
        "@sentry/core": "7.92.0",
        "@sentry/replay": "7.92.0",
        "@sentry/types": "7.92.0",
        "@sentry/utils": "7.92.0"
      },
      "engines": {
        "node": ">=8"
      }
    },
    "node_modules/@sentry/core": {
      "version": "7.92.0",
      "resolved": "https://registry.npmjs.org/@sentry/core/-/core-7.92.0.tgz",
      "integrity": "sha512-1Tly7YB2I1byI5xb0Cwrxs56Rhww+6mQ7m9P7rTmdC3/ijOzbEoohtYIUPwcooCEarpbEJe/tAayRx6BrH2UbQ==",
      "peer": true,
      "dependencies": {
        "@sentry/types": "7.92.0",
        "@sentry/utils": "7.92.0"
      },
      "engines": {
        "node": ">=8"
      }
    },
    "node_modules/@sentry/react": {
      "version": "7.92.0",
      "resolved": "https://registry.npmjs.org/@sentry/react/-/react-7.92.0.tgz",
      "integrity": "sha512-lTvrLuvxtGEZbkW6NHru03K6eyixKyBliwiLwO+k37FK7Ha8Bwat2m77weyizWCdQ6DKlVazJNppkNeAlACIvQ==",
      "peer": true,
      "dependencies": {
        "@sentry/browser": "7.92.0",
        "@sentry/types": "7.92.0",
        "@sentry/utils": "7.92.0",
        "hoist-non-react-statics": "^3.3.2"
      },
      "engines": {
        "node": ">=8"
      },
      "peerDependencies": {
        "react": "15.x || 16.x || 17.x || 18.x"
      }
    },
    "node_modules/@sentry/replay": {
      "version": "7.92.0",
      "resolved": "https://registry.npmjs.org/@sentry/replay/-/replay-7.92.0.tgz",
      "integrity": "sha512-G1t9Uvc9cR8VpNkElwvHIMGzykjIKikb10n0tfVd3e+rBPMCCjCPWOduwG6jZYxcvCjTpqmJh6NSLXxL/Mt4JA==",
      "peer": true,
      "dependencies": {
        "@sentry-internal/tracing": "7.92.0",
        "@sentry/core": "7.92.0",
        "@sentry/types": "7.92.0",
        "@sentry/utils": "7.92.0"
      },
      "engines": {
        "node": ">=12"
      }
    },
    "node_modules/@sentry/types": {
      "version": "7.92.0",
      "resolved": "https://registry.npmjs.org/@sentry/types/-/types-7.92.0.tgz",
      "integrity": "sha512-APmSOuZuoRGpbPpPeYIbMSplPjiWNLZRQa73QiXuTflW4Tu/ItDlU8hOa2+A6JKVkJCuD2EN6yUrxDGSMyNXeg==",
      "peer": true,
      "engines": {
        "node": ">=8"
      }
    },
    "node_modules/@sentry/utils": {
      "version": "7.92.0",
      "resolved": "https://registry.npmjs.org/@sentry/utils/-/utils-7.92.0.tgz",
      "integrity": "sha512-3nEfrQ1z28b/2zgFGANPh5yMVtgwXmrasZxTvKbrAj+KWJpjrJHrIR84r9W277J44NMeZ5RhRW2uoDmuBslPnA==",
      "peer": true,
      "dependencies": {
        "@sentry/types": "7.92.0"
      },
      "engines": {
        "node": ">=8"
      }
    },
    "node_modules/hoist-non-react-statics": {
      "version": "3.3.2",
      "resolved": "https://registry.npmjs.org/hoist-non-react-statics/-/hoist-non-react-statics-3.3.2.tgz",
      "integrity": "sha512-/gGivxi8JPKWNm/W0jSmzcMPpfpPLc3dY/6GxhX2hQ9iGj3aDfklV4ET7NjKpSinLpJ5vafa9iiGIEZg10SfBw==",
      "peer": true,
      "dependencies": {
        "react-is": "^16.7.0"
      }
    },
    "node_modules/js-tokens": {
      "version": "4.0.0",
      "resolved": "https://registry.npmjs.org/js-tokens/-/js-tokens-4.0.0.tgz",
      "integrity": "sha512-RdJUflcE3cUzKiMqQgsCu06FPu9UdIJO0beYbPhHN4k6apgJtifcoCtT9bcxOpYBtpD2kCM6Sbzg4CausW/PKQ==",
      "peer": true
    },
    "node_modules/loose-envify": {
      "version": "1.4.0",
      "resolved": "https://registry.npmjs.org/loose-envify/-/loose-envify-1.4.0.tgz",
      "integrity": "sha512-lyuxPGr/Wfhrlem2CL/UcnUc1zcqKAImBDzukY7Y5F/yQiNdko6+fRLevlw1HgMySw7f611UIY408EtxRSoK3Q==",
      "peer": true,
      "dependencies": {
        "js-tokens": "^3.0.0 || ^4.0.0"
      },
      "bin": {
        "loose-envify": "cli.js"
      }
    },
    "node_modules/react": {
      "version": "18.2.0",
      "resolved": "https://registry.npmjs.org/react/-/react-18.2.0.tgz",
      "integrity": "sha512-/3IjMdb2L9QbBdWiW5e3P2/npwMBaU9mHCSCUzNln0ZCYbcfTsGbTJrU/kGemdH2IWmB2ioZ+zkxtmq6g09fGQ==",
      "peer": true,
      "dependencies": {
        "loose-envify": "^1.1.0"
      },
      "engines": {
        "node": ">=0.10.0"
      }
    },
    "node_modules/react-dom": {
      "version": "18.2.0",
      "resolved": "https://registry.npmjs.org/react-dom/-/react-dom-18.2.0.tgz",
      "integrity": "sha512-6IMTriUmvsjHUjNtEDudZfuDQUoWXVxKHhlEGSk81n4YFS+r/Kl99wXiwlVXtPBtJenozv2P+hxDsw9eA7Xo6g==",
      "peer": true,
      "dependencies": {
        "loose-envify": "^1.1.0",
        "scheduler": "^0.23.0"
      },
      "peerDependencies": {
        "react": "^18.2.0"
      }
    },
    "node_modules/react-is": {
      "version": "16.13.1",
      "resolved": "https://registry.npmjs.org/react-is/-/react-is-16.13.1.tgz",
      "integrity": "sha512-24e6ynE2H+OKt4kqsOvNd8kBpV65zoxbA4BVsEOB3ARVWQki/DHzaUoC5KuON/BiccDaCCTZBuOcfZs70kR8bQ==",
      "peer": true
    },
    "node_modules/rescript": {
      "version": "11.0.0-rc.8",
      "resolved": "https://registry.npmjs.org/rescript/-/rescript-11.0.0-rc.8.tgz",
      "integrity": "sha512-KFeCeJ2tYtmSLD24o0WtWr7YLO22DflCWL31/L9Q8HGdHTLEhDNa+R0tnoyZ8B6wwm6bpNG8xosu1H4O+o7LGA==",
      "dev": true,
      "hasInstallScript": true,
      "bin": {
        "bsc": "bsc",
        "bstracing": "lib/bstracing",
        "rescript": "rescript"
      },
      "engines": {
        "node": ">=10"
      }
    },
    "node_modules/scheduler": {
      "version": "0.23.0",
      "resolved": "https://registry.npmjs.org/scheduler/-/scheduler-0.23.0.tgz",
      "integrity": "sha512-CtuThmgHNg7zIZWAXi3AsyIzA3n4xx7aNyjwC2VJldO2LMVDhFK+63xGqq6CsJH4rTAt6/M+N4GhZiDYPx9eUw==",
      "peer": true,
      "dependencies": {
        "loose-envify": "^1.1.0"
      }
    },
    "packages/React": {
      "name": "@rescript-sentry/react",
      "version": "0.0.1",
      "peerDependencies": {
        "@rescript/react": ">=0.11.0",
        "@sentry/react": "^7.92.0",
        "react": "^18.0.0",
        "react-dom": "^18.0.0",
        "rescript": ">=10.1.4"
      }
    },
    "packages/React/node_modules/rescript": {
      "version": "10.1.4",
      "resolved": "https://registry.npmjs.org/rescript/-/rescript-10.1.4.tgz",
      "integrity": "sha512-FFKlS9AG/XrLepWsyw7B+A9DtQBPWEPDPDKghV831Y2KGbie+eeFBOS0xtRHp0xbt7S0N2Dm6hhX+kTZQ/3Ybg==",
      "hasInstallScript": true,
      "peer": true,
      "bin": {
        "bsc": "bsc",
        "bsrefmt": "bsrefmt",
        "bstracing": "lib/bstracing",
        "rescript": "rescript"
      }
    },
    "packages/Types": {
      "name": "@rescript-sentry/types",
      "version": "0.0.1",
      "devDependencies": {
        "rescript": "^11.0.0-beta.4"
      },
      "peerDependencies": {
        "rescript": "^11.0.0-beta.4"
      }
    },
    "utilities": {
      "version": "0.0.1",
      "extraneous": true
    }
  }
}
